
Microsoft Visual Studio Solution File, Format Version 12.00
# Visual Studio Version 17
VisualStudioVersion = 17.10.35027.167
MinimumVisualStudioVersion = 10.0.40219.1
Project("{9A19103F-16F7-4668-BE54-9A1E7A4F7556}") = "GuessTheNumber.Server", "GuessTheNumber.Server\GuessTheNumber.Server.csproj", "{8884A159-E2B1-438B-A26D-38AAEF58DDA6}"
EndProject
Project("{54A90642-561A-4BB1-A94E-469ADEE60C69}") = "guessthenumber.client", "guessthenumber.client\guessthenumber.client.esproj", "{490BDDCD-4213-4C90-8EB5-C66CC0AA5C59}"
EndProject
Project("{FAE04EC0-301F-11D3-BF4B-00C04F79EFBC}") = "GuessTheNumber.Tests", "GuessTheNumber.Tests\GuessTheNumber.Tests.csproj", "{62D876C9-C04A-429E-91F2-6FAE85CD7335}"
EndProject
Global
	GlobalSection(SolutionConfigurationPlatforms) = preSolution
		Debug|Any CPU = Debug|Any CPU
		Release|Any CPU = Release|Any CPU
	EndGlobalSection
	GlobalSection(ProjectConfigurationPlatforms) = postSolution
		{8884A159-E2B1-438B-A26D-38AAEF58DDA6}.Debug|Any CPU.ActiveCfg = Debug|Any CPU
		{8884A159-E2B1-438B-A26D-38AAEF58DDA6}.Debug|Any CPU.Build.0 = Debug|Any CPU
		{8884A159-E2B1-438B-A26D-38AAEF58DDA6}.Release|Any CPU.ActiveCfg = Release|Any CPU
		{8884A159-E2B1-438B-A26D-38AAEF58DDA6}.Release|Any CPU.Build.0 = Release|Any CPU
		{490BDDCD-4213-4C90-8EB5-C66CC0AA5C59}.Debug|Any CPU.ActiveCfg = Debug|Any CPU
		{490BDDCD-4213-4C90-8EB5-C66CC0AA5C59}.Debug|Any CPU.Build.0 = Debug|Any CPU
		{490BDDCD-4213-4C90-8EB5-C66CC0AA5C59}.Debug|Any CPU.Deploy.0 = Debug|Any CPU
		{490BDDCD-4213-4C90-8EB5-C66CC0AA5C59}.Release|Any CPU.ActiveCfg = Release|Any CPU
		{490BDDCD-4213-4C90-8EB5-C66CC0AA5C59}.Release|Any CPU.Build.0 = Release|Any CPU
		{490BDDCD-4213-4C90-8EB5-C66CC0AA5C59}.Release|Any CPU.Deploy.0 = Release|Any CPU
		{62D876C9-C04A-429E-91F2-6FAE85CD7335}.Debug|Any CPU.ActiveCfg = Debug|Any CPU
		{62D876C9-C04A-429E-91F2-6FAE85CD7335}.Debug|Any CPU.Build.0 = Debug|Any CPU
		{62D876C9-C04A-429E-91F2-6FAE85CD7335}.Release|Any CPU.ActiveCfg = Release|Any CPU
		{62D876C9-C04A-429E-91F2-6FAE85CD7335}.Release|Any CPU.Build.0 = Release|Any CPU
	EndGlobalSection
	GlobalSection(SolutionProperties) = preSolution
		HideSolutionNode = FALSE
	EndGlobalSection
	GlobalSection(ExtensibilityGlobals) = postSolution
		SolutionGuid = {BB07638E-8431-4981-AB09-BB6FCEE6AD68}
	EndGlobalSection
EndGlobal
